
Microsoft Visual Studio Solution File, Format Version 12.00
# Visual Studio Version 17
VisualStudioVersion = 17.12.35506.116 d17.12
MinimumVisualStudioVersion = 10.0.40219.1
Project("{FAE04EC0-301F-11D3-BF4B-00C04F79EFBC}") = "Prod2Mashup", "Prod2Mashup\Prod2Mashup.csproj", "{DBA2F0F3-3B56-47AE-AB9F-A3D19F00D8C5}"
EndProject
Global
	GlobalSection(SolutionConfigurationPlatforms) = preSolution
		Debug|Any CPU = Debug|Any CPU
		Release|Any CPU = Release|Any CPU
	EndGlobalSection
	GlobalSection(ProjectConfigurationPlatforms) = postSolution
		{DBA2F0F3-3B56-47AE-AB9F-A3D19F00D8C5}.Debug|Any CPU.ActiveCfg = Debug|Any CPU
		{DBA2F0F3-3B56-47AE-AB9F-A3D19F00D8C5}.Debug|Any CPU.Build.0 = Debug|Any CPU
		{DBA2F0F3-3B56-47AE-AB9F-A3D19F00D8C5}.Release|Any CPU.ActiveCfg = Release|Any CPU
		{DBA2F0F3-3B56-47AE-AB9F-A3D19F00D8C5}.Release|Any CPU.Build.0 = Release|Any CPU
	EndGlobalSection
	GlobalSection(SolutionProperties) = preSolution
		HideSolutionNode = FALSE
	EndGlobalSection
EndGlobal
